{
	"name": "new-folder",
	"version": "2.1.3",
	"lockfileVersion": 2,
	"requires": true,
	"packages": {
		"": {
			"version": "2.1.3",
			"license": "SEE LICENSE IN LICENSE.txt",
			"dependencies": {
				"@igor.dvlpr/upath": "^1.2.1",
				"@igor.dvlpr/vscode-folderpicker": "^2.0.1"
			},
			"devDependencies": {
				"@types/node": "14.x",
				"@types/vscode": "^1.57.0",
				"esbuild": "^0.12.15"
			},
			"engines": {
				"vscode": "^1.57.0"
			}
		},
		"node_modules/@igor.dvlpr/is-rootdir": {
			"version": "1.0.0",
			"resolved": "https://registry.npmjs.org/@igor.dvlpr/is-rootdir/-/is-rootdir-1.0.0.tgz",
			"integrity": "sha512-7KTjAPO53bNFQWY7o268wf0e6ES9Mmf1abVdIX1ny8odJhGmQAeyFxAXG85WL95XeR4yADjerrTCisV4pqnGjw==",
			"dependencies": {
				"@igor.dvlpr/upath": "^1.2.1"
			}
		},
		"node_modules/@igor.dvlpr/pathexists": {
			"version": "1.0.0",
			"resolved": "https://registry.npmjs.org/@igor.dvlpr/pathexists/-/pathexists-1.0.0.tgz",
			"integrity": "sha512-2R6TdCqfHRx2PO8AmFjJfSM7SU31vhc/AKxtUR/K15FoSaBpzf+ZBXo6iB88dC4SoQm1t8A3b4dfLkRlpiMplg==",
			"dependencies": {
				"@igor.dvlpr/str-is-in": "^1.0.2"
			}
		},
		"node_modules/@igor.dvlpr/recursive-readdir": {
			"version": "1.1.0",
			"resolved": "https://registry.npmjs.org/@igor.dvlpr/recursive-readdir/-/recursive-readdir-1.1.0.tgz",
			"integrity": "sha512-ZjdesnE2PNaWfL6Gi0dF8Z4ZRt5DCAhnRORmUA2sZ+ZeU+HqACMTuB6BWd/dKR96tK8KhVgSB3YWBmuPPny8Rg==",
			"dependencies": {
				"@igor.dvlpr/upath": "^1.2.0"
			}
		},
		"node_modules/@igor.dvlpr/str-is-in": {
			"version": "1.0.2",
			"resolved": "https://registry.npmjs.org/@igor.dvlpr/str-is-in/-/str-is-in-1.0.2.tgz",
			"integrity": "sha512-yrqV3LanUSB1qP1LeCRwKxECM9AjKb5EKI9l5TqqboxZ2GbjqPKXapuYS/NhQ34cKEgbdn/+1ZoRfetpM7bC/Q=="
		},
		"node_modules/@igor.dvlpr/unc-path": {
			"version": "1.0.1",
			"resolved": "https://registry.npmjs.org/@igor.dvlpr/unc-path/-/unc-path-1.0.1.tgz",
			"integrity": "sha512-y2N1DaZsBc32lnge9PBiHmR4ar1BtF1bDE5rwoWQd6HSGgDSq8k/ZiHgA3ssBZhqJWO/GVS+YlpmYHX4Aq8G/w=="
		},
		"node_modules/@igor.dvlpr/upath": {
			"version": "1.2.1",
			"resolved": "https://registry.npmjs.org/@igor.dvlpr/upath/-/upath-1.2.1.tgz",
			"integrity": "sha512-Klf6EJveZcILdwqiHVgBPF2jKkBevtIHxSe4vHKp+J6zXf/BSocNCyLQfLXVn+FXbFYHpuBOWJwiwX6Ln0qxeg==",
			"dependencies": {
				"@igor.dvlpr/unc-path": "^1.0.1"
			}
		},
		"node_modules/@igor.dvlpr/vscode-folderpicker": {
			"version": "2.0.1",
			"resolved": "https://registry.npmjs.org/@igor.dvlpr/vscode-folderpicker/-/vscode-folderpicker-2.0.1.tgz",
			"integrity": "sha512-YtBstkdkJE6TGCgS5+GDhyWS4WAmAf5nW+eQ9EM1zD5/TE6MJWKNp9RAHBcC848F8+/xoFx/iXXmODKfcgXBWA==",
			"dependencies": {
				"@igor.dvlpr/is-rootdir": "^1.0.0",
				"@igor.dvlpr/pathexists": "^1.0.0",
				"@igor.dvlpr/recursive-readdir": "^1.1.0",
				"@igor.dvlpr/upath": "^1.2.0",
				"@igor.dvlpr/zep": "^2.0.0"
			}
		},
		"node_modules/@igor.dvlpr/zep": {
			"version": "2.0.0",
			"resolved": "https://registry.npmjs.org/@igor.dvlpr/zep/-/zep-2.0.0.tgz",
			"integrity": "sha512-x7Ze1MYu+lCnHsl/TL2WXrMnaPp4dKWbsW8GrM5lNy9HphUcI0NtOLE07lU9cBw1Vam9oz2ARLPQ/U6yxbO5VA=="
		},
		"node_modules/@types/node": {
			"version": "14.17.4",
			"resolved": "https://registry.npmjs.org/@types/node/-/node-14.17.4.tgz",
			"integrity": "sha512-8kQ3+wKGRNN0ghtEn7EGps/B8CzuBz1nXZEIGGLP2GnwbqYn4dbTs7k+VKLTq1HvZLRCIDtN3Snx1Ege8B7L5A==",
			"dev": true
		},
		"node_modules/@types/vscode": {
			"version": "1.57.0",
			"resolved": "https://registry.npmjs.org/@types/vscode/-/vscode-1.57.0.tgz",
			"integrity": "sha512-FeznBFtIDCWRluojTsi9c3LLcCHOXP5etQfBK42+ixo1CoEAchkw39tuui9zomjZuKfUVL33KZUDIwHZ/xvOkQ==",
			"dev": true
		},
		"node_modules/esbuild": {
			"version": "0.12.15",
			"resolved": "https://registry.npmjs.org/esbuild/-/esbuild-0.12.15.tgz",
			"integrity": "sha512-72V4JNd2+48eOVCXx49xoSWHgC3/cCy96e7mbXKY+WOWghN00cCmlGnwVLRhRHorvv0dgCyuMYBZlM2xDM5OQw==",
			"dev": true,
			"hasInstallScript": true,
			"bin": {
				"esbuild": "bin/esbuild"
			}
		}
	},
	"dependencies": {
		"@igor.dvlpr/is-rootdir": {
			"version": "1.0.0",
			"resolved": "https://registry.npmjs.org/@igor.dvlpr/is-rootdir/-/is-rootdir-1.0.0.tgz",
			"integrity": "sha512-7KTjAPO53bNFQWY7o268wf0e6ES9Mmf1abVdIX1ny8odJhGmQAeyFxAXG85WL95XeR4yADjerrTCisV4pqnGjw==",
			"requires": {
				"@igor.dvlpr/upath": "^1.2.1"
			}
		},
		"@igor.dvlpr/pathexists": {
			"version": "1.0.0",
			"resolved": "https://registry.npmjs.org/@igor.dvlpr/pathexists/-/pathexists-1.0.0.tgz",
			"integrity": "sha512-2R6TdCqfHRx2PO8AmFjJfSM7SU31vhc/AKxtUR/K15FoSaBpzf+ZBXo6iB88dC4SoQm1t8A3b4dfLkRlpiMplg==",
			"requires": {
				"@igor.dvlpr/str-is-in": "^1.0.2"
			}
		},
		"@igor.dvlpr/recursive-readdir": {
			"version": "1.1.0",
			"resolved": "https://registry.npmjs.org/@igor.dvlpr/recursive-readdir/-/recursive-readdir-1.1.0.tgz",
			"integrity": "sha512-ZjdesnE2PNaWfL6Gi0dF8Z4ZRt5DCAhnRORmUA2sZ+ZeU+HqACMTuB6BWd/dKR96tK8KhVgSB3YWBmuPPny8Rg==",
			"requires": {
				"@igor.dvlpr/upath": "^1.2.0"
			}
		},
		"@igor.dvlpr/str-is-in": {
			"version": "1.0.2",
			"resolved": "https://registry.npmjs.org/@igor.dvlpr/str-is-in/-/str-is-in-1.0.2.tgz",
			"integrity": "sha512-yrqV3LanUSB1qP1LeCRwKxECM9AjKb5EKI9l5TqqboxZ2GbjqPKXapuYS/NhQ34cKEgbdn/+1ZoRfetpM7bC/Q=="
		},
		"@igor.dvlpr/unc-path": {
			"version": "1.0.1",
			"resolved": "https://registry.npmjs.org/@igor.dvlpr/unc-path/-/unc-path-1.0.1.tgz",
			"integrity": "sha512-y2N1DaZsBc32lnge9PBiHmR4ar1BtF1bDE5rwoWQd6HSGgDSq8k/ZiHgA3ssBZhqJWO/GVS+YlpmYHX4Aq8G/w=="
		},
		"@igor.dvlpr/upath": {
			"version": "1.2.1",
			"resolved": "https://registry.npmjs.org/@igor.dvlpr/upath/-/upath-1.2.1.tgz",
			"integrity": "sha512-Klf6EJveZcILdwqiHVgBPF2jKkBevtIHxSe4vHKp+J6zXf/BSocNCyLQfLXVn+FXbFYHpuBOWJwiwX6Ln0qxeg==",
			"requires": {
				"@igor.dvlpr/unc-path": "^1.0.1"
			}
		},
		"@igor.dvlpr/vscode-folderpicker": {
			"version": "2.0.1",
			"resolved": "https://registry.npmjs.org/@igor.dvlpr/vscode-folderpicker/-/vscode-folderpicker-2.0.1.tgz",
			"integrity": "sha512-YtBstkdkJE6TGCgS5+GDhyWS4WAmAf5nW+eQ9EM1zD5/TE6MJWKNp9RAHBcC848F8+/xoFx/iXXmODKfcgXBWA==",
			"requires": {
				"@igor.dvlpr/is-rootdir": "^1.0.0",
				"@igor.dvlpr/pathexists": "^1.0.0",
				"@igor.dvlpr/recursive-readdir": "^1.1.0",
				"@igor.dvlpr/upath": "^1.2.0",
				"@igor.dvlpr/zep": "^2.0.0"
			}
		},
		"@igor.dvlpr/zep": {
			"version": "2.0.0",
			"resolved": "https://registry.npmjs.org/@igor.dvlpr/zep/-/zep-2.0.0.tgz",
			"integrity": "sha512-x7Ze1MYu+lCnHsl/TL2WXrMnaPp4dKWbsW8GrM5lNy9HphUcI0NtOLE07lU9cBw1Vam9oz2ARLPQ/U6yxbO5VA=="
		},
		"@types/node": {
			"version": "14.17.4",
			"resolved": "https://registry.npmjs.org/@types/node/-/node-14.17.4.tgz",
			"integrity": "sha512-8kQ3+wKGRNN0ghtEn7EGps/B8CzuBz1nXZEIGGLP2GnwbqYn4dbTs7k+VKLTq1HvZLRCIDtN3Snx1Ege8B7L5A==",
			"dev": true
		},
		"@types/vscode": {
			"version": "1.57.0",
			"resolved": "https://registry.npmjs.org/@types/vscode/-/vscode-1.57.0.tgz",
			"integrity": "sha512-FeznBFtIDCWRluojTsi9c3LLcCHOXP5etQfBK42+ixo1CoEAchkw39tuui9zomjZuKfUVL33KZUDIwHZ/xvOkQ==",
			"dev": true
		},
		"esbuild": {
			"version": "0.12.15",
			"resolved": "https://registry.npmjs.org/esbuild/-/esbuild-0.12.15.tgz",
			"integrity": "sha512-72V4JNd2+48eOVCXx49xoSWHgC3/cCy96e7mbXKY+WOWghN00cCmlGnwVLRhRHorvv0dgCyuMYBZlM2xDM5OQw==",
			"dev": true
		}
	}
}
