{
	"name": "new-folder",
	"version": "2.3.1",
	"lockfileVersion": 2,
	"requires": true,
	"packages": {
		"": {
			"version": "2.3.1",
			"license": "SEE LICENSE IN LICENSE.txt",
			"dependencies": {
				"@igor.dvlpr/upath": "^1.2.1",
				"@igor.dvlpr/vscode-folderpicker": "^2.3.1"
			},
			"devDependencies": {
				"@types/node": "14.x",
				"@types/vscode": "^1.58.1",
				"esbuild": "^0.12.17"
			},
			"engines": {
				"vscode": "^1.58.1"
			}
		},
		"node_modules/@igor.dvlpr/chars-in-string": {
			"version": "1.1.2",
			"resolved": "https://registry.npmjs.org/@igor.dvlpr/chars-in-string/-/chars-in-string-1.1.2.tgz",
			"integrity": "sha512-VnR9tkjNVdXwF+masxjnP7kF2+mc9RLfwoz9pM/zvtiWXhwI004wkCsGbdnc54D2PS8lUT85nD/33byd4f2v7Q=="
		},
		"node_modules/@igor.dvlpr/is-rootdir": {
			"version": "1.0.0",
			"resolved": "https://registry.npmjs.org/@igor.dvlpr/is-rootdir/-/is-rootdir-1.0.0.tgz",
			"integrity": "sha512-7KTjAPO53bNFQWY7o268wf0e6ES9Mmf1abVdIX1ny8odJhGmQAeyFxAXG85WL95XeR4yADjerrTCisV4pqnGjw==",
			"dependencies": {
				"@igor.dvlpr/upath": "^1.2.1"
			}
		},
		"node_modules/@igor.dvlpr/pathexists": {
			"version": "1.0.0",
			"resolved": "https://registry.npmjs.org/@igor.dvlpr/pathexists/-/pathexists-1.0.0.tgz",
			"integrity": "sha512-2R6TdCqfHRx2PO8AmFjJfSM7SU31vhc/AKxtUR/K15FoSaBpzf+ZBXo6iB88dC4SoQm1t8A3b4dfLkRlpiMplg==",
			"dependencies": {
				"@igor.dvlpr/str-is-in": "^1.0.2"
			}
		},
		"node_modules/@igor.dvlpr/recursive-readdir": {
			"version": "1.2.1",
			"resolved": "https://registry.npmjs.org/@igor.dvlpr/recursive-readdir/-/recursive-readdir-1.2.1.tgz",
			"integrity": "sha512-GZhMDqvaHSBUI0OnJy4ckas+7F3oXsGUGQJ6zF9lHaCwm3kE7DtZLtAKLDybB484TfziPoA92meTSwBmAL7XxQ==",
			"dependencies": {
				"@igor.dvlpr/upath": "^1.2.1"
			},
			"engines": {
				"node": ">= 10.10.0"
			}
		},
		"node_modules/@igor.dvlpr/str-is-in": {
			"version": "1.0.2",
			"resolved": "https://registry.npmjs.org/@igor.dvlpr/str-is-in/-/str-is-in-1.0.2.tgz",
			"integrity": "sha512-yrqV3LanUSB1qP1LeCRwKxECM9AjKb5EKI9l5TqqboxZ2GbjqPKXapuYS/NhQ34cKEgbdn/+1ZoRfetpM7bC/Q=="
		},
		"node_modules/@igor.dvlpr/unc-path": {
			"version": "1.0.1",
			"resolved": "https://registry.npmjs.org/@igor.dvlpr/unc-path/-/unc-path-1.0.1.tgz",
			"integrity": "sha512-y2N1DaZsBc32lnge9PBiHmR4ar1BtF1bDE5rwoWQd6HSGgDSq8k/ZiHgA3ssBZhqJWO/GVS+YlpmYHX4Aq8G/w=="
		},
		"node_modules/@igor.dvlpr/upath": {
			"version": "1.2.1",
			"resolved": "https://registry.npmjs.org/@igor.dvlpr/upath/-/upath-1.2.1.tgz",
			"integrity": "sha512-Klf6EJveZcILdwqiHVgBPF2jKkBevtIHxSe4vHKp+J6zXf/BSocNCyLQfLXVn+FXbFYHpuBOWJwiwX6Ln0qxeg==",
			"dependencies": {
				"@igor.dvlpr/unc-path": "^1.0.1"
			}
		},
		"node_modules/@igor.dvlpr/valid-path": {
			"version": "1.0.4",
			"resolved": "https://registry.npmjs.org/@igor.dvlpr/valid-path/-/valid-path-1.0.4.tgz",
			"integrity": "sha512-30wYFVKuyzO6XtvgjO3uoS/2/NkNDktsTk2gdYyY/1AYYxAvh1YuEcVrjbwjXh23FBoBGUOMqSeiCy1Dl0Rb5Q==",
			"dependencies": {
				"@igor.dvlpr/chars-in-string": "^1.1.2",
				"@igor.dvlpr/upath": "^1.2.1",
				"@igor.dvlpr/windev": "^1.0.0"
			}
		},
		"node_modules/@igor.dvlpr/vscode-folderpicker": {
			"version": "2.3.1",
			"resolved": "https://registry.npmjs.org/@igor.dvlpr/vscode-folderpicker/-/vscode-folderpicker-2.3.1.tgz",
			"integrity": "sha512-fK7TOBbJ47TawjtMqjtxiuFDc+nvZJ5FFrX+pqAmFkQx7UXh+r4M3dieFc8cG9HfkU4YdtL8r/bx3NBLG+MIkQ==",
			"dependencies": {
				"@igor.dvlpr/is-rootdir": "^1.0.0",
				"@igor.dvlpr/pathexists": "^1.0.0",
				"@igor.dvlpr/recursive-readdir": "^1.2.1",
				"@igor.dvlpr/upath": "^1.2.1",
				"@igor.dvlpr/valid-path": "^1.0.4",
				"@igor.dvlpr/zep": "^4.0.2"
			}
		},
		"node_modules/@igor.dvlpr/windev": {
			"version": "1.0.0",
			"resolved": "https://registry.npmjs.org/@igor.dvlpr/windev/-/windev-1.0.0.tgz",
			"integrity": "sha512-ZPGnSKZWb1eYRBwCbIf3XXyIdxmXEjo+L64XsLg410PVSiirEeEJLHZOV28KbI4rfh8gLhiHGeTfnClacKbReQ=="
		},
		"node_modules/@igor.dvlpr/zep": {
			"version": "4.0.2",
			"resolved": "https://registry.npmjs.org/@igor.dvlpr/zep/-/zep-4.0.2.tgz",
			"integrity": "sha512-zGVD6+riB9+lBQEcYnuSJ6S7YhAGvyNA3J4eK4okDg07mGtd/lCHEkTmneA/StKC2nRt7K7ALPRhNKEyFOqTIQ=="
		},
		"node_modules/@types/node": {
			"version": "14.17.4",
			"resolved": "https://registry.npmjs.org/@types/node/-/node-14.17.4.tgz",
			"integrity": "sha512-8kQ3+wKGRNN0ghtEn7EGps/B8CzuBz1nXZEIGGLP2GnwbqYn4dbTs7k+VKLTq1HvZLRCIDtN3Snx1Ege8B7L5A==",
			"dev": true
		},
		"node_modules/@types/vscode": {
			"version": "1.58.1",
			"resolved": "https://registry.npmjs.org/@types/vscode/-/vscode-1.58.1.tgz",
			"integrity": "sha512-sa76rDXiSif09he8KoaWWUQxsuBr2+uND0xn1GUbEODkuEjp2p7Rqd3t5qlvklfmAedLFdL7MdnsPa57uzwcOw==",
			"dev": true
		},
		"node_modules/esbuild": {
			"version": "0.12.17",
			"resolved": "https://registry.npmjs.org/esbuild/-/esbuild-0.12.17.tgz",
			"integrity": "sha512-GshKJyVYUnlSXIZj/NheC2O0Kblh42CS7P1wJyTbbIHevTG4jYMS9NNw8EOd8dDWD0dzydYHS01MpZoUcQXB4g==",
			"dev": true,
			"hasInstallScript": true,
			"bin": {
				"esbuild": "bin/esbuild"
			}
		}
	},
	"dependencies": {
		"@igor.dvlpr/chars-in-string": {
			"version": "1.1.2",
			"resolved": "https://registry.npmjs.org/@igor.dvlpr/chars-in-string/-/chars-in-string-1.1.2.tgz",
			"integrity": "sha512-VnR9tkjNVdXwF+masxjnP7kF2+mc9RLfwoz9pM/zvtiWXhwI004wkCsGbdnc54D2PS8lUT85nD/33byd4f2v7Q=="
		},
		"@igor.dvlpr/is-rootdir": {
			"version": "1.0.0",
			"resolved": "https://registry.npmjs.org/@igor.dvlpr/is-rootdir/-/is-rootdir-1.0.0.tgz",
			"integrity": "sha512-7KTjAPO53bNFQWY7o268wf0e6ES9Mmf1abVdIX1ny8odJhGmQAeyFxAXG85WL95XeR4yADjerrTCisV4pqnGjw==",
			"requires": {
				"@igor.dvlpr/upath": "^1.2.1"
			}
		},
		"@igor.dvlpr/pathexists": {
			"version": "1.0.0",
			"resolved": "https://registry.npmjs.org/@igor.dvlpr/pathexists/-/pathexists-1.0.0.tgz",
			"integrity": "sha512-2R6TdCqfHRx2PO8AmFjJfSM7SU31vhc/AKxtUR/K15FoSaBpzf+ZBXo6iB88dC4SoQm1t8A3b4dfLkRlpiMplg==",
			"requires": {
				"@igor.dvlpr/str-is-in": "^1.0.2"
			}
		},
		"@igor.dvlpr/recursive-readdir": {
			"version": "1.2.1",
			"resolved": "https://registry.npmjs.org/@igor.dvlpr/recursive-readdir/-/recursive-readdir-1.2.1.tgz",
			"integrity": "sha512-GZhMDqvaHSBUI0OnJy4ckas+7F3oXsGUGQJ6zF9lHaCwm3kE7DtZLtAKLDybB484TfziPoA92meTSwBmAL7XxQ==",
			"requires": {
				"@igor.dvlpr/upath": "^1.2.1"
			}
		},
		"@igor.dvlpr/str-is-in": {
			"version": "1.0.2",
			"resolved": "https://registry.npmjs.org/@igor.dvlpr/str-is-in/-/str-is-in-1.0.2.tgz",
			"integrity": "sha512-yrqV3LanUSB1qP1LeCRwKxECM9AjKb5EKI9l5TqqboxZ2GbjqPKXapuYS/NhQ34cKEgbdn/+1ZoRfetpM7bC/Q=="
		},
		"@igor.dvlpr/unc-path": {
			"version": "1.0.1",
			"resolved": "https://registry.npmjs.org/@igor.dvlpr/unc-path/-/unc-path-1.0.1.tgz",
			"integrity": "sha512-y2N1DaZsBc32lnge9PBiHmR4ar1BtF1bDE5rwoWQd6HSGgDSq8k/ZiHgA3ssBZhqJWO/GVS+YlpmYHX4Aq8G/w=="
		},
		"@igor.dvlpr/upath": {
			"version": "1.2.1",
			"resolved": "https://registry.npmjs.org/@igor.dvlpr/upath/-/upath-1.2.1.tgz",
			"integrity": "sha512-Klf6EJveZcILdwqiHVgBPF2jKkBevtIHxSe4vHKp+J6zXf/BSocNCyLQfLXVn+FXbFYHpuBOWJwiwX6Ln0qxeg==",
			"requires": {
				"@igor.dvlpr/unc-path": "^1.0.1"
			}
		},
		"@igor.dvlpr/valid-path": {
			"version": "1.0.4",
			"resolved": "https://registry.npmjs.org/@igor.dvlpr/valid-path/-/valid-path-1.0.4.tgz",
			"integrity": "sha512-30wYFVKuyzO6XtvgjO3uoS/2/NkNDktsTk2gdYyY/1AYYxAvh1YuEcVrjbwjXh23FBoBGUOMqSeiCy1Dl0Rb5Q==",
			"requires": {
				"@igor.dvlpr/chars-in-string": "^1.1.2",
				"@igor.dvlpr/upath": "^1.2.1",
				"@igor.dvlpr/windev": "^1.0.0"
			}
		},
		"@igor.dvlpr/vscode-folderpicker": {
			"version": "2.3.1",
			"resolved": "https://registry.npmjs.org/@igor.dvlpr/vscode-folderpicker/-/vscode-folderpicker-2.3.1.tgz",
			"integrity": "sha512-fK7TOBbJ47TawjtMqjtxiuFDc+nvZJ5FFrX+pqAmFkQx7UXh+r4M3dieFc8cG9HfkU4YdtL8r/bx3NBLG+MIkQ==",
			"requires": {
				"@igor.dvlpr/is-rootdir": "^1.0.0",
				"@igor.dvlpr/pathexists": "^1.0.0",
				"@igor.dvlpr/recursive-readdir": "^1.2.1",
				"@igor.dvlpr/upath": "^1.2.1",
				"@igor.dvlpr/valid-path": "^1.0.4",
				"@igor.dvlpr/zep": "^4.0.2"
			}
		},
		"@igor.dvlpr/windev": {
			"version": "1.0.0",
			"resolved": "https://registry.npmjs.org/@igor.dvlpr/windev/-/windev-1.0.0.tgz",
			"integrity": "sha512-ZPGnSKZWb1eYRBwCbIf3XXyIdxmXEjo+L64XsLg410PVSiirEeEJLHZOV28KbI4rfh8gLhiHGeTfnClacKbReQ=="
		},
		"@igor.dvlpr/zep": {
			"version": "4.0.2",
			"resolved": "https://registry.npmjs.org/@igor.dvlpr/zep/-/zep-4.0.2.tgz",
			"integrity": "sha512-zGVD6+riB9+lBQEcYnuSJ6S7YhAGvyNA3J4eK4okDg07mGtd/lCHEkTmneA/StKC2nRt7K7ALPRhNKEyFOqTIQ=="
		},
		"@types/node": {
			"version": "14.17.4",
			"resolved": "https://registry.npmjs.org/@types/node/-/node-14.17.4.tgz",
			"integrity": "sha512-8kQ3+wKGRNN0ghtEn7EGps/B8CzuBz1nXZEIGGLP2GnwbqYn4dbTs7k+VKLTq1HvZLRCIDtN3Snx1Ege8B7L5A==",
			"dev": true
		},
		"@types/vscode": {
			"version": "1.58.1",
			"resolved": "https://registry.npmjs.org/@types/vscode/-/vscode-1.58.1.tgz",
			"integrity": "sha512-sa76rDXiSif09he8KoaWWUQxsuBr2+uND0xn1GUbEODkuEjp2p7Rqd3t5qlvklfmAedLFdL7MdnsPa57uzwcOw==",
			"dev": true
		},
		"esbuild": {
			"version": "0.12.17",
			"resolved": "https://registry.npmjs.org/esbuild/-/esbuild-0.12.17.tgz",
			"integrity": "sha512-GshKJyVYUnlSXIZj/NheC2O0Kblh42CS7P1wJyTbbIHevTG4jYMS9NNw8EOd8dDWD0dzydYHS01MpZoUcQXB4g==",
			"dev": true
		}
	}
}
