{
	"name": "new-folder",
	"version": "1.0.8",
	"lockfileVersion": 2,
	"requires": true,
	"packages": {
		"": {
			"version": "1.0.8",
			"license": "SEE LICENSE IN LICENSE.txt",
			"dependencies": {
				"@igor.dvlpr/upath": "^1.1.0"
			},
			"devDependencies": {
				"@types/node": "14.x",
				"@types/vscode": "^1.57.0"
			},
			"engines": {
				"vscode": "^1.57.0"
			}
		},
		"node_modules/@igor.dvlpr/upath": {
			"version": "1.1.0",
			"resolved": "https://registry.npmjs.org/@igor.dvlpr/upath/-/upath-1.1.0.tgz",
			"integrity": "sha512-lf07Tz0CEu54z70JWfjYId+dZwp7Rj9FI2pKaPvmEJXFtpBKmhISK2lKnjowCrCaKZg914hh3cMcJdPqZN2Qhg=="
		},
		"node_modules/@types/node": {
			"version": "14.17.4",
			"resolved": "https://registry.npmjs.org/@types/node/-/node-14.17.4.tgz",
			"integrity": "sha512-8kQ3+wKGRNN0ghtEn7EGps/B8CzuBz1nXZEIGGLP2GnwbqYn4dbTs7k+VKLTq1HvZLRCIDtN3Snx1Ege8B7L5A==",
			"dev": true
		},
		"node_modules/@types/vscode": {
			"version": "1.57.0",
			"resolved": "https://registry.npmjs.org/@types/vscode/-/vscode-1.57.0.tgz",
			"integrity": "sha512-FeznBFtIDCWRluojTsi9c3LLcCHOXP5etQfBK42+ixo1CoEAchkw39tuui9zomjZuKfUVL33KZUDIwHZ/xvOkQ==",
			"dev": true
		}
	},
	"dependencies": {
		"@igor.dvlpr/upath": {
			"version": "1.1.0",
			"resolved": "https://registry.npmjs.org/@igor.dvlpr/upath/-/upath-1.1.0.tgz",
			"integrity": "sha512-lf07Tz0CEu54z70JWfjYId+dZwp7Rj9FI2pKaPvmEJXFtpBKmhISK2lKnjowCrCaKZg914hh3cMcJdPqZN2Qhg=="
		},
		"@types/node": {
			"version": "14.17.4",
			"resolved": "https://registry.npmjs.org/@types/node/-/node-14.17.4.tgz",
			"integrity": "sha512-8kQ3+wKGRNN0ghtEn7EGps/B8CzuBz1nXZEIGGLP2GnwbqYn4dbTs7k+VKLTq1HvZLRCIDtN3Snx1Ege8B7L5A==",
			"dev": true
		},
		"@types/vscode": {
			"version": "1.57.0",
			"resolved": "https://registry.npmjs.org/@types/vscode/-/vscode-1.57.0.tgz",
			"integrity": "sha512-FeznBFtIDCWRluojTsi9c3LLcCHOXP5etQfBK42+ixo1CoEAchkw39tuui9zomjZuKfUVL33KZUDIwHZ/xvOkQ==",
			"dev": true
		}
	}
}
